# generated by rye
# use `rye lock` or `rye sync` to update this lockfile
#
# last locked with the following flags:
#   pre: false
#   features: []
#   all-features: false
#   with-sources: false

-e file:.
future==1.0.0
    # via omexml-dls
mrcfile==1.5.0
    # via stitch-m
numpy==1.21.6
    # via mrcfile
    # via stitch-m
    # via tifffile
omexml-dls==1.1.0
    # via stitch-m
pywin32==306
    # via stitch-m
tifffile==2024.4.24
    # via stitch-m
