version = 1
requires-python = ">=3.7"

[[package]]
name = "colorama"
version = "0.4.6"
source = { registry = "https://pypi.org/simple" }
sdist = { url = "https://files.pythonhosted.org/packages/d8/53/6f443c9a4a8358a93a6792e2acffb9d9d5cb0a5cfd8802644b7b1c9a02e4/colorama-0.4.6.tar.gz", hash = "sha256:08695f5cb7ed6e0531a20572697297273c47b8cae5a63ffc6d6ed5c201be6e44", size = 27697 }
wheels = [
    { url = "https://files.pythonhosted.org/packages/d1/d6/3965ed04c63042e047cb6a3e6ed1a63a35087b6a609aa3a15ed8ac56c221/colorama-0.4.6-py2.py3-none-any.whl", hash = "sha256:4f1d9991f5acc0ca119f9d443620b77f9d6b33703e51011c16baf57afb285fc6", size = 25335 },
]

[[package]]
name = "coverage"
version = "7.2.7"
source = { registry = "https://pypi.org/simple" }
sdist = { url = "https://files.pythonhosted.org/packages/45/8b/421f30467e69ac0e414214856798d4bc32da1336df745e49e49ae5c1e2a8/coverage-7.2.7.tar.gz", hash = "sha256:924d94291ca674905fe9481f12294eb11f2d3d3fd1adb20314ba89e94f44ed59", size = 762575 }
wheels = [
    { url = "https://files.pythonhosted.org/packages/01/24/be01e62a7bce89bcffe04729c540382caa5a06bee45ae42136c93e2499f5/coverage-7.2.7-cp310-cp310-macosx_10_9_x86_64.whl", hash = "sha256:d39b5b4f2a66ccae8b7263ac3c8170994b65266797fb96cbbfd3fb5b23921db8", size = 200724 },
    { url = "https://files.pythonhosted.org/packages/3d/80/7060a445e1d2c9744b683dc935248613355657809d6c6b2716cdf4ca4766/coverage-7.2.7-cp310-cp310-macosx_11_0_arm64.whl", hash = "sha256:6d040ef7c9859bb11dfeb056ff5b3872436e3b5e401817d87a31e1750b9ae2fb", size = 201024 },
    { url = "https://files.pythonhosted.org/packages/b8/9d/926fce7e03dbfc653104c2d981c0fa71f0572a9ebd344d24c573bd6f7c4f/coverage-7.2.7-cp310-cp310-manylinux_2_17_aarch64.manylinux2014_aarch64.whl", hash = "sha256:ba90a9563ba44a72fda2e85302c3abc71c5589cea608ca16c22b9804262aaeb6", size = 229528 },
    { url = "https://files.pythonhosted.org/packages/d1/3a/67f5d18f911abf96857f6f7e4df37ca840e38179e2cc9ab6c0b9c3380f19/coverage-7.2.7-cp310-cp310-manylinux_2_5_i686.manylinux1_i686.manylinux_2_17_i686.manylinux2014_i686.whl", hash = "sha256:e7d9405291c6928619403db1d10bd07888888ec1abcbd9748fdaa971d7d661b2", size = 227842 },
    { url = "https://files.pythonhosted.org/packages/b4/bd/1b2331e3a04f4cc9b7b332b1dd0f3a1261dfc4114f8479bebfcc2afee9e8/coverage-7.2.7-cp310-cp310-manylinux_2_5_x86_64.manylinux1_x86_64.manylinux_2_17_x86_64.manylinux2014_x86_64.whl", hash = "sha256:31563e97dae5598556600466ad9beea39fb04e0229e61c12eaa206e0aa202063", size = 228717 },
    { url = "https://files.pythonhosted.org/packages/2b/86/3dbf9be43f8bf6a5ca28790a713e18902b2d884bc5fa9512823a81dff601/coverage-7.2.7-cp310-cp310-musllinux_1_1_aarch64.whl", hash = "sha256:ebba1cd308ef115925421d3e6a586e655ca5a77b5bf41e02eb0e4562a111f2d1", size = 234632 },
    { url = "https://files.pythonhosted.org/packages/91/e8/469ed808a782b9e8305a08bad8c6fa5f8e73e093bda6546c5aec68275bff/coverage-7.2.7-cp310-cp310-musllinux_1_1_i686.whl", hash = "sha256:cb017fd1b2603ef59e374ba2063f593abe0fc45f2ad9abdde5b4d83bd922a353", size = 232875 },
    { url = "https://files.pythonhosted.org/packages/29/8f/4fad1c2ba98104425009efd7eaa19af9a7c797e92d40cd2ec026fa1f58cb/coverage-7.2.7-cp310-cp310-musllinux_1_1_x86_64.whl", hash = "sha256:d62a5c7dad11015c66fbb9d881bc4caa5b12f16292f857842d9d1871595f4495", size = 234094 },
    { url = "https://files.pythonhosted.org/packages/94/4e/d4e46a214ae857be3d7dc5de248ba43765f60daeb1ab077cb6c1536c7fba/coverage-7.2.7-cp310-cp310-win32.whl", hash = "sha256:ee57190f24fba796e36bb6d3aa8a8783c643d8fa9760c89f7a98ab5455fbf818", size = 203184 },
    { url = "https://files.pythonhosted.org/packages/1f/e9/d6730247d8dec2a3dddc520ebe11e2e860f0f98cee3639e23de6cf920255/coverage-7.2.7-cp310-cp310-win_amd64.whl", hash = "sha256:f75f7168ab25dd93110c8a8117a22450c19976afbc44234cbf71481094c1b850", size = 204096 },
    { url = "https://files.pythonhosted.org/packages/c6/fa/529f55c9a1029c840bcc9109d5a15ff00478b7ff550a1ae361f8745f8ad5/coverage-7.2.7-cp311-cp311-macosx_10_9_x86_64.whl", hash = "sha256:06a9a2be0b5b576c3f18f1a241f0473575c4a26021b52b2a85263a00f034d51f", size = 200895 },
    { url = "https://files.pythonhosted.org/packages/67/d7/cd8fe689b5743fffac516597a1222834c42b80686b99f5b44ef43ccc2a43/coverage-7.2.7-cp311-cp311-macosx_11_0_arm64.whl", hash = "sha256:5baa06420f837184130752b7c5ea0808762083bf3487b5038d68b012e5937dbe", size = 201120 },
    { url = "https://files.pythonhosted.org/packages/8c/95/16eed713202406ca0a37f8ac259bbf144c9d24f9b8097a8e6ead61da2dbb/coverage-7.2.7-cp311-cp311-manylinux_2_17_aarch64.manylinux2014_aarch64.whl", hash = "sha256:fdec9e8cbf13a5bf63290fc6013d216a4c7232efb51548594ca3631a7f13c3a3", size = 233178 },
    { url = "https://files.pythonhosted.org/packages/c1/49/4d487e2ad5d54ed82ac1101e467e8994c09d6123c91b2a962145f3d262c2/coverage-7.2.7-cp311-cp311-manylinux_2_5_i686.manylinux1_i686.manylinux_2_17_i686.manylinux2014_i686.whl", hash = "sha256:52edc1a60c0d34afa421c9c37078817b2e67a392cab17d97283b64c5833f427f", size = 230754 },
    { url = "https://files.pythonhosted.org/packages/a7/cd/3ce94ad9d407a052dc2a74fbeb1c7947f442155b28264eb467ee78dea812/coverage-7.2.7-cp311-cp311-manylinux_2_5_x86_64.manylinux1_x86_64.manylinux_2_17_x86_64.manylinux2014_x86_64.whl", hash = "sha256:63426706118b7f5cf6bb6c895dc215d8a418d5952544042c8a2d9fe87fcf09cb", size = 232558 },
    { url = "https://files.pythonhosted.org/packages/8f/a8/12cc7b261f3082cc299ab61f677f7e48d93e35ca5c3c2f7241ed5525ccea/coverage-7.2.7-cp311-cp311-musllinux_1_1_aarch64.whl", hash = "sha256:afb17f84d56068a7c29f5fa37bfd38d5aba69e3304af08ee94da8ed5b0865833", size = 241509 },
    { url = "https://files.pythonhosted.org/packages/04/fa/43b55101f75a5e9115259e8be70ff9279921cb6b17f04c34a5702ff9b1f7/coverage-7.2.7-cp311-cp311-musllinux_1_1_i686.whl", hash = "sha256:48c19d2159d433ccc99e729ceae7d5293fbffa0bdb94952d3579983d1c8c9d97", size = 239924 },
    { url = "https://files.pythonhosted.org/packages/68/5f/d2bd0f02aa3c3e0311986e625ccf97fdc511b52f4f1a063e4f37b624772f/coverage-7.2.7-cp311-cp311-musllinux_1_1_x86_64.whl", hash = "sha256:0e1f928eaf5469c11e886fe0885ad2bf1ec606434e79842a879277895a50942a", size = 240977 },
    { url = "https://files.pythonhosted.org/packages/ba/92/69c0722882643df4257ecc5437b83f4c17ba9e67f15dc6b77bad89b6982e/coverage-7.2.7-cp311-cp311-win32.whl", hash = "sha256:33d6d3ea29d5b3a1a632b3c4e4f4ecae24ef170b0b9ee493883f2df10039959a", size = 203168 },
    { url = "https://files.pythonhosted.org/packages/b1/96/c12ed0dfd4ec587f3739f53eb677b9007853fd486ccb0e7d5512a27bab2e/coverage-7.2.7-cp311-cp311-win_amd64.whl", hash = "sha256:5b7540161790b2f28143191f5f8ec02fb132660ff175b7747b95dcb77ac26562", size = 204185 },
    { url = "https://files.pythonhosted.org/packages/ff/d5/52fa1891d1802ab2e1b346d37d349cb41cdd4fd03f724ebbf94e80577687/coverage-7.2.7-cp312-cp312-macosx_10_9_x86_64.whl", hash = "sha256:f2f67fe12b22cd130d34d0ef79206061bfb5eda52feb6ce0dba0644e20a03cf4", size = 201020 },
    { url = "https://files.pythonhosted.org/packages/24/df/6765898d54ea20e3197a26d26bb65b084deefadd77ce7de946b9c96dfdc5/coverage-7.2.7-cp312-cp312-manylinux_2_17_aarch64.manylinux2014_aarch64.whl", hash = "sha256:a342242fe22407f3c17f4b499276a02b01e80f861f1682ad1d95b04018e0c0d4", size = 233994 },
    { url = "https://files.pythonhosted.org/packages/15/81/b108a60bc758b448c151e5abceed027ed77a9523ecbc6b8a390938301841/coverage-7.2.7-cp312-cp312-manylinux_2_5_i686.manylinux1_i686.manylinux_2_17_i686.manylinux2014_i686.whl", hash = "sha256:171717c7cb6b453aebac9a2ef603699da237f341b38eebfee9be75d27dc38e01", size = 231358 },
    { url = "https://files.pythonhosted.org/packages/61/90/c76b9462f39897ebd8714faf21bc985b65c4e1ea6dff428ea9dc711ed0dd/coverage-7.2.7-cp312-cp312-manylinux_2_5_x86_64.manylinux1_x86_64.manylinux_2_17_x86_64.manylinux2014_x86_64.whl", hash = "sha256:49969a9f7ffa086d973d91cec8d2e31080436ef0fb4a359cae927e742abfaaa6", size = 233316 },
    { url = "https://files.pythonhosted.org/packages/04/d6/8cba3bf346e8b1a4fb3f084df7d8cea25a6b6c56aaca1f2e53829be17e9e/coverage-7.2.7-cp312-cp312-musllinux_1_1_aarch64.whl", hash = "sha256:b46517c02ccd08092f4fa99f24c3b83d8f92f739b4657b0f146246a0ca6a831d", size = 240159 },
    { url = "https://files.pythonhosted.org/packages/6e/ea/4a252dc77ca0605b23d477729d139915e753ee89e4c9507630e12ad64a80/coverage-7.2.7-cp312-cp312-musllinux_1_1_i686.whl", hash = "sha256:a3d33a6b3eae87ceaefa91ffdc130b5e8536182cd6dfdbfc1aa56b46ff8c86de", size = 238127 },
    { url = "https://files.pythonhosted.org/packages/9f/5c/d9760ac497c41f9c4841f5972d0edf05d50cad7814e86ee7d133ec4a0ac8/coverage-7.2.7-cp312-cp312-musllinux_1_1_x86_64.whl", hash = "sha256:976b9c42fb2a43ebf304fa7d4a310e5f16cc99992f33eced91ef6f908bd8f33d", size = 239833 },
    { url = "https://files.pythonhosted.org/packages/69/8c/26a95b08059db1cbb01e4b0e6d40f2e9debb628c6ca86b78f625ceaf9bab/coverage-7.2.7-cp312-cp312-win32.whl", hash = "sha256:8de8bb0e5ad103888d65abef8bca41ab93721647590a3f740100cd65c3b00511", size = 203463 },
    { url = "https://files.pythonhosted.org/packages/b7/00/14b00a0748e9eda26e97be07a63cc911108844004687321ddcc213be956c/coverage-7.2.7-cp312-cp312-win_amd64.whl", hash = "sha256:9e31cb64d7de6b6f09702bb27c02d1904b3aebfca610c12772452c4e6c21a0d3", size = 204347 },
    { url = "https://files.pythonhosted.org/packages/80/d7/67937c80b8fd4c909fdac29292bc8b35d9505312cff6bcab41c53c5b1df6/coverage-7.2.7-cp37-cp37m-macosx_10_9_x86_64.whl", hash = "sha256:58c2ccc2f00ecb51253cbe5d8d7122a34590fac9646a960d1430d5b15321d95f", size = 200580 },
    { url = "https://files.pythonhosted.org/packages/7a/05/084864fa4bbf8106f44fb72a56e67e0cd372d3bf9d893be818338c81af5d/coverage-7.2.7-cp37-cp37m-manylinux_2_17_aarch64.manylinux2014_aarch64.whl", hash = "sha256:d22656368f0e6189e24722214ed8d66b8022db19d182927b9a248a2a8a2f67eb", size = 226237 },
    { url = "https://files.pythonhosted.org/packages/67/a2/6fa66a50e6e894286d79a3564f42bd54a9bd27049dc0a63b26d9924f0aa3/coverage-7.2.7-cp37-cp37m-manylinux_2_5_i686.manylinux1_i686.manylinux_2_17_i686.manylinux2014_i686.whl", hash = "sha256:a895fcc7b15c3fc72beb43cdcbdf0ddb7d2ebc959edac9cef390b0d14f39f8a9", size = 224256 },
    { url = "https://files.pythonhosted.org/packages/e2/c0/73f139794c742840b9ab88e2e17fe14a3d4668a166ff95d812ac66c0829d/coverage-7.2.7-cp37-cp37m-manylinux_2_5_x86_64.manylinux1_x86_64.manylinux_2_17_x86_64.manylinux2014_x86_64.whl", hash = "sha256:e84606b74eb7de6ff581a7915e2dab7a28a0517fbe1c9239eb227e1354064dcd", size = 225550 },
    { url = "https://files.pythonhosted.org/packages/03/ec/6f30b4e0c96ce03b0e64aec46b4af2a8c49b70d1b5d0d69577add757b946/coverage-7.2.7-cp37-cp37m-musllinux_1_1_aarch64.whl", hash = "sha256:0a5f9e1dbd7fbe30196578ca36f3fba75376fb99888c395c5880b355e2875f8a", size = 232440 },
    { url = "https://files.pythonhosted.org/packages/22/c1/2f6c1b6f01a0996c9e067a9c780e1824351dbe17faae54388a4477e6d86f/coverage-7.2.7-cp37-cp37m-musllinux_1_1_i686.whl", hash = "sha256:419bfd2caae268623dd469eff96d510a920c90928b60f2073d79f8fe2bbc5959", size = 230897 },
    { url = "https://files.pythonhosted.org/packages/8d/d6/53e999ec1bf7498ca4bc5f3b8227eb61db39068d2de5dcc359dec5601b5a/coverage-7.2.7-cp37-cp37m-musllinux_1_1_x86_64.whl", hash = "sha256:2aee274c46590717f38ae5e4650988d1af340fe06167546cc32fe2f58ed05b02", size = 232024 },
    { url = "https://files.pythonhosted.org/packages/e9/40/383305500d24122dbed73e505a4d6828f8f3356d1f68ab6d32c781754b81/coverage-7.2.7-cp37-cp37m-win32.whl", hash = "sha256:61b9a528fb348373c433e8966535074b802c7a5d7f23c4f421e6c6e2f1697a6f", size = 203293 },
    { url = "https://files.pythonhosted.org/packages/0e/bc/7e3a31534fabb043269f14fb64e2bb2733f85d4cf39e5bbc71357c57553a/coverage-7.2.7-cp37-cp37m-win_amd64.whl", hash = "sha256:b1c546aca0ca4d028901d825015dc8e4d56aac4b541877690eb76490f1dc8ed0", size = 204040 },
    { url = "https://files.pythonhosted.org/packages/c6/fc/be19131010930a6cf271da48202c8cc1d3f971f68c02fb2d3a78247f43dc/coverage-7.2.7-cp38-cp38-macosx_10_9_x86_64.whl", hash = "sha256:54b896376ab563bd38453cecb813c295cf347cf5906e8b41d340b0321a5433e5", size = 200689 },
    { url = "https://files.pythonhosted.org/packages/28/d7/9a8de57d87f4bbc6f9a6a5ded1eaac88a89bf71369bb935dac3c0cf2893e/coverage-7.2.7-cp38-cp38-macosx_11_0_arm64.whl", hash = "sha256:3d376df58cc111dc8e21e3b6e24606b5bb5dee6024f46a5abca99124b2229ef5", size = 200986 },
    { url = "https://files.pythonhosted.org/packages/c8/e4/e6182e4697665fb594a7f4e4f27cb3a4dd00c2e3d35c5c706765de8c7866/coverage-7.2.7-cp38-cp38-manylinux_2_17_aarch64.manylinux2014_aarch64.whl", hash = "sha256:5e330fc79bd7207e46c7d7fd2bb4af2963f5f635703925543a70b99574b0fea9", size = 230648 },
    { url = "https://files.pythonhosted.org/packages/7b/e3/f552d5871943f747165b92a924055c5d6daa164ae659a13f9018e22f3990/coverage-7.2.7-cp38-cp38-manylinux_2_5_i686.manylinux1_i686.manylinux_2_17_i686.manylinux2014_i686.whl", hash = "sha256:1e9d683426464e4a252bf70c3498756055016f99ddaec3774bf368e76bbe02b6", size = 228511 },
    { url = "https://files.pythonhosted.org/packages/44/55/49f65ccdd4dfd6d5528e966b28c37caec64170c725af32ab312889d2f857/coverage-7.2.7-cp38-cp38-manylinux_2_5_x86_64.manylinux1_x86_64.manylinux_2_17_x86_64.manylinux2014_x86_64.whl", hash = "sha256:8d13c64ee2d33eccf7437961b6ea7ad8673e2be040b4f7fd4fd4d4d28d9ccb1e", size = 229852 },
    { url = "https://files.pythonhosted.org/packages/0d/31/340428c238eb506feb96d4fb5c9ea614db1149517f22cc7ab8c6035ef6d9/coverage-7.2.7-cp38-cp38-musllinux_1_1_aarch64.whl", hash = "sha256:b7aa5f8a41217360e600da646004f878250a0d6738bcdc11a0a39928d7dc2050", size = 235578 },
    { url = "https://files.pythonhosted.org/packages/dd/ce/97c1dd6592c908425622fe7f31c017d11cf0421729b09101d4de75bcadc8/coverage-7.2.7-cp38-cp38-musllinux_1_1_i686.whl", hash = "sha256:8fa03bce9bfbeeef9f3b160a8bed39a221d82308b4152b27d82d8daa7041fee5", size = 234079 },
    { url = "https://files.pythonhosted.org/packages/de/a3/5a98dc9e239d0dc5f243ef5053d5b1bdcaa1dee27a691dfc12befeccf878/coverage-7.2.7-cp38-cp38-musllinux_1_1_x86_64.whl", hash = "sha256:245167dd26180ab4c91d5e1496a30be4cd721a5cf2abf52974f965f10f11419f", size = 234991 },
    { url = "https://files.pythonhosted.org/packages/4a/fb/78986d3022e5ccf2d4370bc43a5fef8374f092b3c21d32499dee8e30b7b6/coverage-7.2.7-cp38-cp38-win32.whl", hash = "sha256:d2c2db7fd82e9b72937969bceac4d6ca89660db0a0967614ce2481e81a0b771e", size = 203160 },
    { url = "https://files.pythonhosted.org/packages/c3/1c/6b3c9c363fb1433c79128e0d692863deb761b1b78162494abb9e5c328bc0/coverage-7.2.7-cp38-cp38-win_amd64.whl", hash = "sha256:2e07b54284e381531c87f785f613b833569c14ecacdcb85d56b25c4622c16c3c", size = 204085 },
    { url = "https://files.pythonhosted.org/packages/88/da/495944ebf0ad246235a6bd523810d9f81981f9b81c6059ba1f56e943abe0/coverage-7.2.7-cp39-cp39-macosx_10_9_x86_64.whl", hash = "sha256:537891ae8ce59ef63d0123f7ac9e2ae0fc8b72c7ccbe5296fec45fd68967b6c9", size = 200725 },
    { url = "https://files.pythonhosted.org/packages/ca/0c/3dfeeb1006c44b911ee0ed915350db30325d01808525ae7cc8d57643a2ce/coverage-7.2.7-cp39-cp39-macosx_11_0_arm64.whl", hash = "sha256:06fb182e69f33f6cd1d39a6c597294cff3143554b64b9825d1dc69d18cc2fff2", size = 201022 },
    { url = "https://files.pythonhosted.org/packages/61/af/5964b8d7d9a5c767785644d9a5a63cacba9a9c45cc42ba06d25895ec87be/coverage-7.2.7-cp39-cp39-manylinux_2_17_aarch64.manylinux2014_aarch64.whl", hash = "sha256:201e7389591af40950a6480bd9edfa8ed04346ff80002cec1a66cac4549c1ad7", size = 229102 },
    { url = "https://files.pythonhosted.org/packages/d9/1d/cd467fceb62c371f9adb1d739c92a05d4e550246daa90412e711226bd320/coverage-7.2.7-cp39-cp39-manylinux_2_5_i686.manylinux1_i686.manylinux_2_17_i686.manylinux2014_i686.whl", hash = "sha256:f6951407391b639504e3b3be51b7ba5f3528adbf1a8ac3302b687ecababf929e", size = 227441 },
    { url = "https://files.pythonhosted.org/packages/fe/57/e4f8ad64d84ca9e759d783a052795f62a9f9111585e46068845b1cb52c2b/coverage-7.2.7-cp39-cp39-manylinux_2_5_x86_64.manylinux1_x86_64.manylinux_2_17_x86_64.manylinux2014_x86_64.whl", hash = "sha256:6f48351d66575f535669306aa7d6d6f71bc43372473b54a832222803eb956fd1", size = 228265 },
    { url = "https://files.pythonhosted.org/packages/88/8b/b0d9fe727acae907fa7f1c8194ccb6fe9d02e1c3e9001ecf74c741f86110/coverage-7.2.7-cp39-cp39-musllinux_1_1_aarch64.whl", hash = "sha256:b29019c76039dc3c0fd815c41392a044ce555d9bcdd38b0fb60fb4cd8e475ba9", size = 234217 },
    { url = "https://files.pythonhosted.org/packages/66/2e/c99fe1f6396d93551aa352c75410686e726cd4ea104479b9af1af22367ce/coverage-7.2.7-cp39-cp39-musllinux_1_1_i686.whl", hash = "sha256:81c13a1fc7468c40f13420732805a4c38a105d89848b7c10af65a90beff25250", size = 232466 },
    { url = "https://files.pythonhosted.org/packages/bb/e9/88747b40c8fb4a783b40222510ce6d66170217eb05d7f46462c36b4fa8cc/coverage-7.2.7-cp39-cp39-musllinux_1_1_x86_64.whl", hash = "sha256:975d70ab7e3c80a3fe86001d8751f6778905ec723f5b110aed1e450da9d4b7f2", size = 233669 },
    { url = "https://files.pythonhosted.org/packages/b1/d5/a8e276bc005e42114468d4fe03e0a9555786bc51cbfe0d20827a46c1565a/coverage-7.2.7-cp39-cp39-win32.whl", hash = "sha256:7ee7d9d4822c8acc74a5e26c50604dff824710bc8de424904c0982e25c39c6cb", size = 203199 },
    { url = "https://files.pythonhosted.org/packages/a9/0c/4a848ae663b47f1195abcb09a951751dd61f80b503303b9b9d768e0fd321/coverage-7.2.7-cp39-cp39-win_amd64.whl", hash = "sha256:eb393e5ebc85245347950143969b241d08b52b88a3dc39479822e073a1a8eb27", size = 204109 },
    { url = "https://files.pythonhosted.org/packages/67/fb/b3b1d7887e1ea25a9608b0776e480e4bbc303ca95a31fd585555ec4fff5a/coverage-7.2.7-pp37.pp38.pp39-none-any.whl", hash = "sha256:b7b4c971f05e6ae490fef852c218b0e79d4e52f79ef0c8475566584a8fb3e01d", size = 193207 },
]

[package.optional-dependencies]
toml = [
    { name = "tomli", marker = "python_full_version <= '3.11'" },
]

[[package]]
name = "exceptiongroup"
version = "1.2.2"
source = { registry = "https://pypi.org/simple" }
sdist = { url = "https://files.pythonhosted.org/packages/09/35/2495c4ac46b980e4ca1f6ad6db102322ef3ad2410b79fdde159a4b0f3b92/exceptiongroup-1.2.2.tar.gz", hash = "sha256:47c2edf7c6738fafb49fd34290706d1a1a2f4d1c6df275526b62cbb4aa5393cc", size = 28883 }
wheels = [
    { url = "https://files.pythonhosted.org/packages/02/cc/b7e31358aac6ed1ef2bb790a9746ac2c69bcb3c8588b41616914eb106eaf/exceptiongroup-1.2.2-py3-none-any.whl", hash = "sha256:3111b9d131c238bec2f8f516e123e14ba243563fb135d3fe885990585aa7795b", size = 16453 },
]

[[package]]
name = "future"
version = "1.0.0"
source = { registry = "https://pypi.org/simple" }
sdist = { url = "https://files.pythonhosted.org/packages/a7/b2/4140c69c6a66432916b26158687e821ba631a4c9273c474343badf84d3ba/future-1.0.0.tar.gz", hash = "sha256:bd2968309307861edae1458a4f8a4f3598c03be43b97521076aebf5d94c07b05", size = 1228490 }
wheels = [
    { url = "https://files.pythonhosted.org/packages/da/71/ae30dadffc90b9006d77af76b393cb9dfbfc9629f339fc1574a1c52e6806/future-1.0.0-py3-none-any.whl", hash = "sha256:929292d34f5872e70396626ef385ec22355a1fae8ad29e1a734c3e43f9fbc216", size = 491326 },
]

[[package]]
name = "importlib-metadata"
version = "6.7.0"
source = { registry = "https://pypi.org/simple" }
dependencies = [
    { name = "typing-extensions", marker = "python_full_version < '3.8'" },
    { name = "zipp" },
]
sdist = { url = "https://files.pythonhosted.org/packages/a3/82/f6e29c8d5c098b6be61460371c2c5591f4a335923639edec43b3830650a4/importlib_metadata-6.7.0.tar.gz", hash = "sha256:1aaf550d4f73e5d6783e7acb77aec43d49da8017410afae93822cc9cca98c4d4", size = 53569 }
wheels = [
    { url = "https://files.pythonhosted.org/packages/ff/94/64287b38c7de4c90683630338cf28f129decbba0a44f0c6db35a873c73c4/importlib_metadata-6.7.0-py3-none-any.whl", hash = "sha256:cb52082e659e97afc5dac71e79de97d8681de3aa07ff18578330904a9d18e5b5", size = 22934 },
]

[[package]]
name = "iniconfig"
version = "2.0.0"
source = { registry = "https://pypi.org/simple" }
sdist = { url = "https://files.pythonhosted.org/packages/d7/4b/cbd8e699e64a6f16ca3a8220661b5f83792b3017d0f79807cb8708d33913/iniconfig-2.0.0.tar.gz", hash = "sha256:2d91e135bf72d31a410b17c16da610a82cb55f6b0477d1a902134b24a455b8b3", size = 4646 }
wheels = [
    { url = "https://files.pythonhosted.org/packages/ef/a6/62565a6e1cf69e10f5727360368e451d4b7f58beeac6173dc9db836a5b46/iniconfig-2.0.0-py3-none-any.whl", hash = "sha256:b6a85871a79d2e3b22d2d1b94ac2824226a63c6b741c88f7ae975f18b6778374", size = 5892 },
]

[[package]]
name = "mrcfile"
version = "1.5.3"
source = { registry = "https://pypi.org/simple" }
dependencies = [
    { name = "numpy" },
]
sdist = { url = "https://files.pythonhosted.org/packages/25/3a/ab44bfb0417065526996e92c49a4b2727152d49cdbb212a907a5e871f3d1/mrcfile-1.5.3.tar.gz", hash = "sha256:3f304c02cb9f0900b26683679c5d3d750da64b5c370b58d69af8a8ddf720c0ce", size = 57453 }
wheels = [
    { url = "https://files.pythonhosted.org/packages/9f/c6/cdc67e91c1cac23dd788ebe487d09a61206018bc0a71d576a69603bc91c2/mrcfile-1.5.3-py2.py3-none-any.whl", hash = "sha256:fbf2b5583afae38656343f2d6bac67d85e0e798b2fd608be63ecd2758cd67c61", size = 44786 },
]

[[package]]
name = "numpy"
version = "1.21.6"
source = { registry = "https://pypi.org/simple" }
sdist = { url = "https://files.pythonhosted.org/packages/45/b7/de7b8e67f2232c26af57c205aaad29fe17754f793404f59c8a730c7a191a/numpy-1.21.6.zip", hash = "sha256:ecb55251139706669fdec2ff073c98ef8e9a84473e51e716211b41aa0f18e656", size = 10274544 }
wheels = [
    { url = "https://files.pythonhosted.org/packages/ff/c6/05ae3c7f75b596e1bb3d78131c331eada9376a03d1af9801bd40e4675023/numpy-1.21.6-cp310-cp310-macosx_10_9_universal2.whl", hash = "sha256:8737609c3bbdd48e380d463134a35ffad3b22dc56295eff6f79fd85bd0eeeb25", size = 27203123 },
    { url = "https://files.pythonhosted.org/packages/4a/72/a3379f83172f1431d7949138373e3a24beed68184c9362dab1b4d465be26/numpy-1.21.6-cp310-cp310-macosx_10_9_x86_64.whl", hash = "sha256:fdffbfb6832cd0b300995a2b08b8f6fa9f6e856d562800fea9182316d99c4e8e", size = 16965603 },
    { url = "https://files.pythonhosted.org/packages/26/e7/4a6f579af8186372b03e8480e47df309520d91cfead8759b64dd5ac62688/numpy-1.21.6-cp310-cp310-macosx_11_0_arm64.whl", hash = "sha256:3820724272f9913b597ccd13a467cc492a0da6b05df26ea09e78b171a0bb9da6", size = 12364595 },
    { url = "https://files.pythonhosted.org/packages/57/ba/d8cbdfd507b541bb247beff24d9d7304ac8ffc379cf585701187d45d4512/numpy-1.21.6-cp310-cp310-manylinux_2_17_aarch64.manylinux2014_aarch64.whl", hash = "sha256:f17e562de9edf691a42ddb1eb4a5541c20dd3f9e65b09ded2beb0799c0cf29bb", size = 13019278 },
    { url = "https://files.pythonhosted.org/packages/6f/7b/036000a55680e6c7eb81502b0aa27ce0ed65d4d8805613909967d9f8baf6/numpy-1.21.6-cp310-cp310-manylinux_2_17_x86_64.manylinux2014_x86_64.whl", hash = "sha256:5f30427731561ce75d7048ac254dbe47a2ba576229250fb60f0fb74db96501a1", size = 15906004 },
    { url = "https://files.pythonhosted.org/packages/b0/77/ff8bbe56ff6cbbdbdb8a641c67cee61e29b2e8bfbb18732c2e1d2961fe4d/numpy-1.21.6-cp310-cp310-win32.whl", hash = "sha256:d4bf4d43077db55589ffc9009c0ba0a94fa4908b9586d6ccce2e0b164c86303c", size = 11706182 },
    { url = "https://files.pythonhosted.org/packages/ec/03/93702ca9c4bd61791e46c80ff1f24943febb2317484cf7e8207688bbbd95/numpy-1.21.6-cp310-cp310-win_amd64.whl", hash = "sha256:d136337ae3cc69aa5e447e78d8e1514be8c3ec9b54264e680cf0b4bd9011574f", size = 14008913 },
    { url = "https://files.pythonhosted.org/packages/32/dd/43d8b2b2ebf424f6555271a4c9f5b50dc3cc0aafa66c72b4d36863f71358/numpy-1.21.6-cp37-cp37m-macosx_10_9_x86_64.whl", hash = "sha256:6aaf96c7f8cebc220cdfc03f1d5a31952f027dda050e5a703a0d1c396075e3e7", size = 16894122 },
    { url = "https://files.pythonhosted.org/packages/06/78/b184f13f5461812a17a90b380d70a93fa3532460f0af9d72b0d93d8bc4ff/numpy-1.21.6-cp37-cp37m-manylinux_2_12_i686.manylinux2010_i686.whl", hash = "sha256:67c261d6c0a9981820c3a149d255a76918278a6b03b6a036800359aba1256d46", size = 13670697 },
    { url = "https://files.pythonhosted.org/packages/6d/ad/ff3b21ebfe79a4d25b4a4f8e5cf9fd44a204adb6b33c09010f566f51027a/numpy-1.21.6-cp37-cp37m-manylinux_2_12_x86_64.manylinux2010_x86_64.whl", hash = "sha256:a6be4cb0ef3b8c9250c19cc122267263093eee7edd4e3fa75395dfda8c17a8e2", size = 15702369 },
    { url = "https://files.pythonhosted.org/packages/b7/0d/86662f93102e42545cdf031da4fddf0ace9030ec67478932a628afc5973b/numpy-1.21.6-cp37-cp37m-manylinux_2_17_aarch64.manylinux2014_aarch64.whl", hash = "sha256:7c4068a8c44014b2d55f3c3f574c376b2494ca9cc73d2f1bd692382b6dffe3db", size = 12974170 },
    { url = "https://files.pythonhosted.org/packages/cd/eb/f6f3258e7b0e0cc5c327778312bf4ee4978c8514aa28e97119ee206f6e60/numpy-1.21.6-cp37-cp37m-win32.whl", hash = "sha256:7c7e5fa88d9ff656e067876e4736379cc962d185d5cd808014a8a928d529ef4e", size = 11680505 },
    { url = "https://files.pythonhosted.org/packages/97/9f/da37cc4a188a1d5d203d65ab28d6504e17594b5342e0c1dc5610ee6f4535/numpy-1.21.6-cp37-cp37m-win_amd64.whl", hash = "sha256:bcb238c9c96c00d3085b264e5c1a1207672577b93fa666c3b14a45240b14123a", size = 13969236 },
    { url = "https://files.pythonhosted.org/packages/b5/e2/b2df1f664d644e690b40179fc0a07c163c6decf986c7adee8a85a094e8ce/numpy-1.21.6-cp38-cp38-macosx_10_9_universal2.whl", hash = "sha256:82691fda7c3f77c90e62da69ae60b5ac08e87e775b09813559f8901a88266552", size = 27127297 },
    { url = "https://files.pythonhosted.org/packages/5b/d4/be63d2bed7d10f443dee42469623326b6bc51c9e5cd096ebb7227bca456f/numpy-1.21.6-cp38-cp38-macosx_10_9_x86_64.whl", hash = "sha256:643843bcc1c50526b3a71cd2ee561cf0d8773f062c8cbaf9ffac9fdf573f83ab", size = 16926225 },
    { url = "https://files.pythonhosted.org/packages/0d/21/036363516c06737135ee58741e9c0af4899348ce3c5f5e04379240edd090/numpy-1.21.6-cp38-cp38-macosx_11_0_arm64.whl", hash = "sha256:357768c2e4451ac241465157a3e929b265dfac85d9214074985b1786244f2ef3", size = 12329630 },
    { url = "https://files.pythonhosted.org/packages/6a/52/a1dcf14b8e81d49c14112663290ee2ed545bd04988170138284a613bd926/numpy-1.21.6-cp38-cp38-manylinux_2_12_i686.manylinux2010_i686.whl", hash = "sha256:9f411b2c3f3d76bba0865b35a425157c5dcf54937f82bbeb3d3c180789dd66a6", size = 13719672 },
    { url = "https://files.pythonhosted.org/packages/d5/43/e88bb1fb7d040ae8e0e06e749341b13f57701aab11fe9d71c99af6202c5c/numpy-1.21.6-cp38-cp38-manylinux_2_12_x86_64.manylinux2010_x86_64.whl", hash = "sha256:4aa48afdce4660b0076a00d80afa54e8a97cd49f457d68a4342d188a09451c1a", size = 15749422 },
    { url = "https://files.pythonhosted.org/packages/86/c7/3f68d0a8dcc9458879c614707e6ffaf64a108664cfbba9702d3ba7ca4c82/numpy-1.21.6-cp38-cp38-manylinux_2_17_aarch64.manylinux2014_aarch64.whl", hash = "sha256:d6a96eef20f639e6a97d23e57dd0c1b1069a7b4fd7027482a4c5c451cd7732f4", size = 13026205 },
    { url = "https://files.pythonhosted.org/packages/6f/47/453023bd298f8b0be092d8a8bdd4b21f87a8c639ecb724a94cd75e23d216/numpy-1.21.6-cp38-cp38-win32.whl", hash = "sha256:5c3c8def4230e1b959671eb959083661b4a0d2e9af93ee339c7dada6759a9470", size = 11707551 },
    { url = "https://files.pythonhosted.org/packages/48/5f/db4550e1c68206814a577ebd92c0dd082f3628fd7fc96725d44a521b0c92/numpy-1.21.6-cp38-cp38-win_amd64.whl", hash = "sha256:bf2ec4b75d0e9356edea834d1de42b31fe11f726a81dfb2c2112bc1eaa508fcf", size = 14009785 },
    { url = "https://files.pythonhosted.org/packages/83/eb/a6a0d7fc8e718776c5c710692ea027607104710cba813c4b869182179334/numpy-1.21.6-cp39-cp39-macosx_10_9_universal2.whl", hash = "sha256:4391bd07606be175aafd267ef9bea87cf1b8210c787666ce82073b05f202add1", size = 27202394 },
    { url = "https://files.pythonhosted.org/packages/4c/62/07402945bd5d5cf515a5f0cbc7263abf02ec0ddf3b19fbdc4af7537cd4d0/numpy-1.21.6-cp39-cp39-macosx_10_9_x86_64.whl", hash = "sha256:67f21981ba2f9d7ba9ade60c9e8cbaa8cf8e9ae51673934480e45cf55e953673", size = 16965163 },
    { url = "https://files.pythonhosted.org/packages/44/56/041e886b4a8da813b7ec297c270fb3582d2ae8b7f33e106eb5c7a5e9184c/numpy-1.21.6-cp39-cp39-macosx_11_0_arm64.whl", hash = "sha256:ee5ec40fdd06d62fe5d4084bef4fd50fd4bb6bfd2bf519365f569dc470163ab0", size = 12364236 },
    { url = "https://files.pythonhosted.org/packages/61/f4/f01a8989e53a437ad660ab86c91514bec3d5067393e4a844b259f5a103de/numpy-1.21.6-cp39-cp39-manylinux_2_12_i686.manylinux2010_i686.whl", hash = "sha256:1dbe1c91269f880e364526649a52eff93ac30035507ae980d2fed33aaee633ac", size = 13721583 },
    { url = "https://files.pythonhosted.org/packages/e7/f2/0bdcf2c40ef144cbbc9e0947eea831a145a98b0e5f8438fc09cf7fda0b35/numpy-1.21.6-cp39-cp39-manylinux_2_12_x86_64.manylinux2010_x86_64.whl", hash = "sha256:d9caa9d5e682102453d96a0ee10c7241b72859b01a941a397fd965f23b3e016b", size = 15734025 },
    { url = "https://files.pythonhosted.org/packages/76/7f/830cf169eede1b855538f962e3a70c31755db6423652695b813ed04ff54e/numpy-1.21.6-cp39-cp39-manylinux_2_17_aarch64.manylinux2014_aarch64.whl", hash = "sha256:58459d3bad03343ac4b1b42ed14d571b8743dc80ccbf27444f266729df1d6f5b", size = 13020515 },
    { url = "https://files.pythonhosted.org/packages/1b/b5/7178d5a22427a9195ac69d6ec150415734f7a7a19d1142f82b89ead1dac4/numpy-1.21.6-cp39-cp39-win32.whl", hash = "sha256:7f5ae4f304257569ef3b948810816bc87c9146e8c446053539947eedeaa32786", size = 11706846 },
    { url = "https://files.pythonhosted.org/packages/4d/04/bcd62448f2e772bc90a73ba21bacaa19817ae9905ae639969462862bd071/numpy-1.21.6-cp39-cp39-win_amd64.whl", hash = "sha256:e31f0bb5928b793169b87e3d1e070f2342b22d5245c755e2b81caa29756246c3", size = 14008965 },
    { url = "https://files.pythonhosted.org/packages/2e/5a/6f3e280a10de48395053a559bfcb3b2221b74b57d062c1d6307fc965f549/numpy-1.21.6-pp37-pypy37_pp73-manylinux_2_12_x86_64.manylinux2010_x86_64.whl", hash = "sha256:dd1c8f6bd65d07d3810b90d02eba7997e32abbdf1277a481d698969e921a3be0", size = 15159527 },
]

[[package]]
name = "omexml-dls"
version = "1.1.0"
source = { registry = "https://pypi.org/simple" }
dependencies = [
    { name = "future" },
]
sdist = { url = "https://files.pythonhosted.org/packages/d3/e7/6fc70bd9ce7396389b13bcbbc8f72f96ee33faa355ca7c6c13da8d08431d/omexml-dls-1.1.0.tar.gz", hash = "sha256:e8ca71c5abdf87a8c3631046964113f79024b306ae3d9e9babec6e9444fdc29b", size = 16446 }
wheels = [
    { url = "https://files.pythonhosted.org/packages/c0/a9/cc31a09b4b6ed211dd063c7a8a74a53b1ecc4390e6d1bc65f5f4770f8e4f/omexml_dls-1.1.0-py3-none-any.whl", hash = "sha256:fc28ad30329138bc2326b0e8f1da34555ab4da1b573ced66cf2666d4e1c4dc65", size = 16650 },
]

[[package]]
name = "packaging"
version = "24.0"
source = { registry = "https://pypi.org/simple" }
sdist = { url = "https://files.pythonhosted.org/packages/ee/b5/b43a27ac7472e1818c4bafd44430e69605baefe1f34440593e0332ec8b4d/packaging-24.0.tar.gz", hash = "sha256:eb82c5e3e56209074766e6885bb04b8c38a0c015d0a30036ebe7ece34c9989e9", size = 147882 }
wheels = [
    { url = "https://files.pythonhosted.org/packages/49/df/1fceb2f8900f8639e278b056416d49134fb8d84c5942ffaa01ad34782422/packaging-24.0-py3-none-any.whl", hash = "sha256:2ddfb553fdf02fb784c234c7ba6ccc288296ceabec964ad2eae3777778130bc5", size = 53488 },
]

[[package]]
name = "pluggy"
version = "1.2.0"
source = { registry = "https://pypi.org/simple" }
dependencies = [
    { name = "importlib-metadata", marker = "python_full_version < '3.8'" },
]
sdist = { url = "https://files.pythonhosted.org/packages/8a/42/8f2833655a29c4e9cb52ee8a2be04ceac61bcff4a680fb338cbd3d1e322d/pluggy-1.2.0.tar.gz", hash = "sha256:d12f0c4b579b15f5e054301bb226ee85eeeba08ffec228092f8defbaa3a4c4b3", size = 61613 }
wheels = [
    { url = "https://files.pythonhosted.org/packages/51/32/4a79112b8b87b21450b066e102d6608907f4c885ed7b04c3fdb085d4d6ae/pluggy-1.2.0-py3-none-any.whl", hash = "sha256:c2fd55a7d7a3863cba1a013e4e2414658b1d07b6bc57b3919e0c63c9abb99849", size = 17695 },
]

[[package]]
name = "pytest"
version = "7.4.4"
source = { registry = "https://pypi.org/simple" }
dependencies = [
    { name = "colorama", marker = "sys_platform == 'win32'" },
    { name = "exceptiongroup", marker = "python_full_version < '3.11'" },
    { name = "importlib-metadata", marker = "python_full_version < '3.8'" },
    { name = "iniconfig" },
    { name = "packaging" },
    { name = "pluggy" },
    { name = "tomli", marker = "python_full_version < '3.11'" },
]
sdist = { url = "https://files.pythonhosted.org/packages/80/1f/9d8e98e4133ffb16c90f3b405c43e38d3abb715bb5d7a63a5a684f7e46a3/pytest-7.4.4.tar.gz", hash = "sha256:2cf0005922c6ace4a3e2ec8b4080eb0d9753fdc93107415332f50ce9e7994280", size = 1357116 }
wheels = [
    { url = "https://files.pythonhosted.org/packages/51/ff/f6e8b8f39e08547faece4bd80f89d5a8de68a38b2d179cc1c4490ffa3286/pytest-7.4.4-py3-none-any.whl", hash = "sha256:b090cdf5ed60bf4c45261be03239c2c1c22df034fbffe691abe93cd80cea01d8", size = 325287 },
]

[[package]]
name = "pytest-cov"
version = "3.0.0"
source = { registry = "https://pypi.org/simple" }
dependencies = [
    { name = "coverage", extra = ["toml"] },
    { name = "pytest" },
]
sdist = { url = "https://files.pythonhosted.org/packages/61/41/e046526849972555928a6d31c2068410e47a31fb5ab0a77f868596811329/pytest-cov-3.0.0.tar.gz", hash = "sha256:e7f0f5b1617d2210a2cabc266dfe2f4c75a8d32fb89eafb7ad9d06f6d076d470", size = 61440 }
wheels = [
    { url = "https://files.pythonhosted.org/packages/20/49/b3e0edec68d81846f519c602ac38af9db86e1e71275528b3e814ae236063/pytest_cov-3.0.0-py3-none-any.whl", hash = "sha256:578d5d15ac4a25e5f961c938b85a05b09fdaae9deef3bb6de9a6e766622ca7a6", size = 20981 },
]

[[package]]
name = "pywin32"
version = "308"
source = { registry = "https://pypi.org/simple" }
wheels = [
    { url = "https://files.pythonhosted.org/packages/72/a6/3e9f2c474895c1bb61b11fa9640be00067b5c5b363c501ee9c3fa53aec01/pywin32-308-cp310-cp310-win32.whl", hash = "sha256:796ff4426437896550d2981b9c2ac0ffd75238ad9ea2d3bfa67a1abd546d262e", size = 5927028 },
    { url = "https://files.pythonhosted.org/packages/d9/b4/84e2463422f869b4b718f79eb7530a4c1693e96b8a4e5e968de38be4d2ba/pywin32-308-cp310-cp310-win_amd64.whl", hash = "sha256:4fc888c59b3c0bef905ce7eb7e2106a07712015ea1c8234b703a088d46110e8e", size = 6558484 },
    { url = "https://files.pythonhosted.org/packages/9f/8f/fb84ab789713f7c6feacaa08dad3ec8105b88ade8d1c4f0f0dfcaaa017d6/pywin32-308-cp310-cp310-win_arm64.whl", hash = "sha256:a5ab5381813b40f264fa3495b98af850098f814a25a63589a8e9eb12560f450c", size = 7971454 },
    { url = "https://files.pythonhosted.org/packages/eb/e2/02652007469263fe1466e98439831d65d4ca80ea1a2df29abecedf7e47b7/pywin32-308-cp311-cp311-win32.whl", hash = "sha256:5d8c8015b24a7d6855b1550d8e660d8daa09983c80e5daf89a273e5c6fb5095a", size = 5928156 },
    { url = "https://files.pythonhosted.org/packages/48/ef/f4fb45e2196bc7ffe09cad0542d9aff66b0e33f6c0954b43e49c33cad7bd/pywin32-308-cp311-cp311-win_amd64.whl", hash = "sha256:575621b90f0dc2695fec346b2d6302faebd4f0f45c05ea29404cefe35d89442b", size = 6559559 },
    { url = "https://files.pythonhosted.org/packages/79/ef/68bb6aa865c5c9b11a35771329e95917b5559845bd75b65549407f9fc6b4/pywin32-308-cp311-cp311-win_arm64.whl", hash = "sha256:100a5442b7332070983c4cd03f2e906a5648a5104b8a7f50175f7906efd16bb6", size = 7972495 },
    { url = "https://files.pythonhosted.org/packages/00/7c/d00d6bdd96de4344e06c4afbf218bc86b54436a94c01c71a8701f613aa56/pywin32-308-cp312-cp312-win32.whl", hash = "sha256:587f3e19696f4bf96fde9d8a57cec74a57021ad5f204c9e627e15c33ff568897", size = 5939729 },
    { url = "https://files.pythonhosted.org/packages/21/27/0c8811fbc3ca188f93b5354e7c286eb91f80a53afa4e11007ef661afa746/pywin32-308-cp312-cp312-win_amd64.whl", hash = "sha256:00b3e11ef09ede56c6a43c71f2d31857cf7c54b0ab6e78ac659497abd2834f47", size = 6543015 },
    { url = "https://files.pythonhosted.org/packages/9d/0f/d40f8373608caed2255781a3ad9a51d03a594a1248cd632d6a298daca693/pywin32-308-cp312-cp312-win_arm64.whl", hash = "sha256:9b4de86c8d909aed15b7011182c8cab38c8850de36e6afb1f0db22b8959e3091", size = 7976033 },
    { url = "https://files.pythonhosted.org/packages/a9/a4/aa562d8935e3df5e49c161b427a3a2efad2ed4e9cf81c3de636f1fdddfd0/pywin32-308-cp313-cp313-win32.whl", hash = "sha256:1c44539a37a5b7b21d02ab34e6a4d314e0788f1690d65b48e9b0b89f31abbbed", size = 5938579 },
    { url = "https://files.pythonhosted.org/packages/c7/50/b0efb8bb66210da67a53ab95fd7a98826a97ee21f1d22949863e6d588b22/pywin32-308-cp313-cp313-win_amd64.whl", hash = "sha256:fd380990e792eaf6827fcb7e187b2b4b1cede0585e3d0c9e84201ec27b9905e4", size = 6542056 },
    { url = "https://files.pythonhosted.org/packages/26/df/2b63e3e4f2df0224f8aaf6d131f54fe4e8c96400eb9df563e2aae2e1a1f9/pywin32-308-cp313-cp313-win_arm64.whl", hash = "sha256:ef313c46d4c18dfb82a2431e3051ac8f112ccee1a34f29c263c583c568db63cd", size = 7974986 },
    { url = "https://files.pythonhosted.org/packages/6c/5d/3f187cc1f7c7a249a98aaea41fa370cdf16bc6fae4746710661b33be2181/pywin32-308-cp37-cp37m-win32.whl", hash = "sha256:1f696ab352a2ddd63bd07430080dd598e6369152ea13a25ebcdd2f503a38f1ff", size = 5985446 },
    { url = "https://files.pythonhosted.org/packages/69/52/ac7037ec0eec0aa0a78ec4aab3d34227ea714b7fe5b578c5dca0af3d312f/pywin32-308-cp37-cp37m-win_amd64.whl", hash = "sha256:13dcb914ed4347019fbec6697a01a0aec61019c1046c2b905410d197856326a6", size = 6617118 },
    { url = "https://files.pythonhosted.org/packages/f3/0d/2c464011689e11ff5d64a32337f37de463a0cb058e45de5ea4027b56601a/pywin32-308-cp38-cp38-win32.whl", hash = "sha256:5794e764ebcabf4ff08c555b31bd348c9025929371763b2183172ff4708152f0", size = 5998793 },
    { url = "https://files.pythonhosted.org/packages/b7/e8/729b049e3c5c5449049d6036edf7a24a6ba785a9a1d5f617b638a9b444eb/pywin32-308-cp38-cp38-win_amd64.whl", hash = "sha256:3b92622e29d651c6b783e368ba7d6722b1634b8e70bd376fd7610fe1992e19de", size = 6647446 },
    { url = "https://files.pythonhosted.org/packages/a8/41/ead05a7657ffdbb1edabb954ab80825c4f87a3de0285d59f8290457f9016/pywin32-308-cp39-cp39-win32.whl", hash = "sha256:7873ca4dc60ab3287919881a7d4f88baee4a6e639aa6962de25a98ba6b193341", size = 5991824 },
    { url = "https://files.pythonhosted.org/packages/e4/cd/0838c9a6063bff2e9bac2388ae36524c26c50288b5d7b6aebb6cdf8d375d/pywin32-308-cp39-cp39-win_amd64.whl", hash = "sha256:71b3322d949b4cc20776436a9c9ba0eeedcbc9c650daa536df63f0ff111bb920", size = 6640327 },
]

[[package]]
name = "ruff"
version = "0.7.3"
source = { registry = "https://pypi.org/simple" }
sdist = { url = "https://files.pythonhosted.org/packages/4b/06/09d1276df977eece383d0ed66052fc24ec4550a61f8fbc0a11200e690496/ruff-0.7.3.tar.gz", hash = "sha256:e1d1ba2e40b6e71a61b063354d04be669ab0d39c352461f3d789cac68b54a313", size = 3243664 }
wheels = [
    { url = "https://files.pythonhosted.org/packages/c0/56/933d433c2489e4642487b835f53dd9ff015fb3d8fa459b09bb2ce42d7c4b/ruff-0.7.3-py3-none-linux_armv6l.whl", hash = "sha256:34f2339dc22687ec7e7002792d1f50712bf84a13d5152e75712ac08be565d344", size = 10372090 },
    { url = "https://files.pythonhosted.org/packages/20/ea/1f0a22a6bcdd3fc26c73f63a025d05bd565901b729d56bcb093c722a6c4c/ruff-0.7.3-py3-none-macosx_10_12_x86_64.whl", hash = "sha256:fb397332a1879b9764a3455a0bb1087bda876c2db8aca3a3cbb67b3dbce8cda0", size = 10190037 },
    { url = "https://files.pythonhosted.org/packages/16/74/aca75666e0d481fe394e76a8647c44ea919087748024924baa1a17371e3e/ruff-0.7.3-py3-none-macosx_11_0_arm64.whl", hash = "sha256:37d0b619546103274e7f62643d14e1adcbccb242efda4e4bdb9544d7764782e9", size = 9811998 },
    { url = "https://files.pythonhosted.org/packages/20/a1/cf446a0d7f78ea1f0bd2b9171c11dfe746585c0c4a734b25966121eb4f5d/ruff-0.7.3-py3-none-manylinux_2_17_aarch64.manylinux2014_aarch64.whl", hash = "sha256:5d59f0c3ee4d1a6787614e7135b72e21024875266101142a09a61439cb6e38a5", size = 10620626 },
    { url = "https://files.pythonhosted.org/packages/cd/c1/82b27d09286ae855f5d03b1ad37cf243f21eb0081732d4d7b0d658d439cb/ruff-0.7.3-py3-none-manylinux_2_17_armv7l.manylinux2014_armv7l.whl", hash = "sha256:44eb93c2499a169d49fafd07bc62ac89b1bc800b197e50ff4633aed212569299", size = 10177598 },
    { url = "https://files.pythonhosted.org/packages/b9/42/c0acac22753bf74013d035a5ef6c5c4c40ad4d6686bfb3fda7c6f37d9b37/ruff-0.7.3-py3-none-manylinux_2_17_i686.manylinux2014_i686.whl", hash = "sha256:6d0242ce53f3a576c35ee32d907475a8d569944c0407f91d207c8af5be5dae4e", size = 11171963 },
    { url = "https://files.pythonhosted.org/packages/43/18/bb0befb7fb9121dd9009e6a72eb98e24f1bacb07c6f3ecb55f032ba98aed/ruff-0.7.3-py3-none-manylinux_2_17_ppc64.manylinux2014_ppc64.whl", hash = "sha256:6b6224af8b5e09772c2ecb8dc9f3f344c1aa48201c7f07e7315367f6dd90ac29", size = 11856157 },
    { url = "https://files.pythonhosted.org/packages/5e/91/04e98d7d6e32eca9d1372be595f9abc7b7f048795e32eb2edbd8794d50bd/ruff-0.7.3-py3-none-manylinux_2_17_ppc64le.manylinux2014_ppc64le.whl", hash = "sha256:c50f95a82b94421c964fae4c27c0242890a20fe67d203d127e84fbb8013855f5", size = 11440331 },
    { url = "https://files.pythonhosted.org/packages/f5/dc/3fe99f2ce10b76d389041a1b9f99e7066332e479435d4bebcceea16caff5/ruff-0.7.3-py3-none-manylinux_2_17_s390x.manylinux2014_s390x.whl", hash = "sha256:7f3eff9961b5d2644bcf1616c606e93baa2d6b349e8aa8b035f654df252c8c67", size = 12725354 },
    { url = "https://files.pythonhosted.org/packages/43/7b/1daa712de1c5bc6cbbf9fa60e9c41cc48cda962dc6d2c4f2a224d2c3007e/ruff-0.7.3-py3-none-manylinux_2_17_x86_64.manylinux2014_x86_64.whl", hash = "sha256:b8963cab06d130c4df2fd52c84e9f10d297826d2e8169ae0c798b6221be1d1d2", size = 11010091 },
    { url = "https://files.pythonhosted.org/packages/b6/db/1227a903587432eb569e57a95b15a4f191a71fe315cde4c0312df7bc85da/ruff-0.7.3-py3-none-musllinux_1_2_aarch64.whl", hash = "sha256:61b46049d6edc0e4317fb14b33bd693245281a3007288b68a3f5b74a22a0746d", size = 10610687 },
    { url = "https://files.pythonhosted.org/packages/db/e2/dc41ee90c3085aadad4da614d310d834f641aaafddf3dfbba08210c616ce/ruff-0.7.3-py3-none-musllinux_1_2_armv7l.whl", hash = "sha256:10ebce7696afe4644e8c1a23b3cf8c0f2193a310c18387c06e583ae9ef284de2", size = 10254843 },
    { url = "https://files.pythonhosted.org/packages/6f/09/5f6cac1c91542bc5bd33d40b4c13b637bf64d7bb29e091dadb01b62527fe/ruff-0.7.3-py3-none-musllinux_1_2_i686.whl", hash = "sha256:3f36d56326b3aef8eeee150b700e519880d1aab92f471eefdef656fd57492aa2", size = 10730962 },
    { url = "https://files.pythonhosted.org/packages/d3/42/89a4b9a24ef7d00269e24086c417a006f9a3ffeac2c80f2629eb5ce140ee/ruff-0.7.3-py3-none-musllinux_1_2_x86_64.whl", hash = "sha256:5d024301109a0007b78d57ab0ba190087b43dce852e552734ebf0b0b85e4fb16", size = 11101907 },
    { url = "https://files.pythonhosted.org/packages/b0/5c/efdb4777686683a8edce94ffd812783bddcd3d2454d38c5ac193fef7c500/ruff-0.7.3-py3-none-win32.whl", hash = "sha256:4ba81a5f0c5478aa61674c5a2194de8b02652f17addf8dfc40c8937e6e7d79fc", size = 8611095 },
    { url = "https://files.pythonhosted.org/packages/bb/b8/28fbc6a4efa50178f973972d1c84b2d0a33cdc731588522ab751ac3da2f5/ruff-0.7.3-py3-none-win_amd64.whl", hash = "sha256:588a9ff2fecf01025ed065fe28809cd5a53b43505f48b69a1ac7707b1b7e4088", size = 9418283 },
    { url = "https://files.pythonhosted.org/packages/3f/77/b587cba6febd5e2003374f37eb89633f79f161e71084f94057c8653b7fb3/ruff-0.7.3-py3-none-win_arm64.whl", hash = "sha256:1713e2c5545863cdbfe2cbce21f69ffaf37b813bfd1fb3b90dc9a6f1963f5a8c", size = 8725228 },
]

[[package]]
name = "stitch-m"
version = "1.6.0"
source = { editable = "." }
dependencies = [
    { name = "mrcfile" },
    { name = "numpy" },
    { name = "omexml-dls" },
    { name = "pywin32", marker = "platform_system == 'Windows'" },
    { name = "tifffile" },
]

[package.dev-dependencies]
dev = [
    { name = "pytest-cov" },
    { name = "ruff" },
]

[package.metadata]
requires-dist = [
    { name = "mrcfile", specifier = ">=1.1.2" },
    { name = "numpy", specifier = "~=1.21.1" },
    { name = "omexml-dls", specifier = ">=1.1.0" },
    { name = "pywin32", marker = "platform_system == 'Windows'" },
    { name = "tifffile", specifier = ">=2020.9.30" },
]

[package.metadata.requires-dev]
dev = [
    { name = "pytest-cov", specifier = ">=3.0.0" },
    { name = "ruff", specifier = ">=0.7.3" },
]

[[package]]
name = "tifffile"
version = "2021.11.2"
source = { registry = "https://pypi.org/simple" }
dependencies = [
    { name = "numpy" },
]
sdist = { url = "https://files.pythonhosted.org/packages/de/af/36cc73f0321937535cf23cc7124858629923427f6c9df87b4e08d7324ce2/tifffile-2021.11.2.tar.gz", hash = "sha256:153e31fa1d892f482fabb2ae9f2561fa429ee42d01a6f67e58cee13637d9285b", size = 271504 }
wheels = [
    { url = "https://files.pythonhosted.org/packages/d8/38/85ae5ed77598ca90558c17a2f79ddaba33173b31cf8d8f545d34d9134f0d/tifffile-2021.11.2-py3-none-any.whl", hash = "sha256:2e0066f90e2dbeb3e6a287cfd78bafbd2f142fabbca4a76a8ff809573baf5ad5", size = 178892 },
]

[[package]]
name = "tomli"
version = "2.0.1"
source = { registry = "https://pypi.org/simple" }
sdist = { url = "https://files.pythonhosted.org/packages/c0/3f/d7af728f075fb08564c5949a9c95e44352e23dee646869fa104a3b2060a3/tomli-2.0.1.tar.gz", hash = "sha256:de526c12914f0c550d15924c62d72abc48d6fe7364aa87328337a31007fe8a4f", size = 15164 }
wheels = [
    { url = "https://files.pythonhosted.org/packages/97/75/10a9ebee3fd790d20926a90a2547f0bf78f371b2f13aa822c759680ca7b9/tomli-2.0.1-py3-none-any.whl", hash = "sha256:939de3e7a6161af0c887ef91b7d41a53e7c5a1ca976325f429cb46ea9bc30ecc", size = 12757 },
]

[[package]]
name = "typing-extensions"
version = "4.7.1"
source = { registry = "https://pypi.org/simple" }
sdist = { url = "https://files.pythonhosted.org/packages/3c/8b/0111dd7d6c1478bf83baa1cab85c686426c7a6274119aceb2bd9d35395ad/typing_extensions-4.7.1.tar.gz", hash = "sha256:b75ddc264f0ba5615db7ba217daeb99701ad295353c45f9e95963337ceeeffb2", size = 72876 }
wheels = [
    { url = "https://files.pythonhosted.org/packages/ec/6b/63cc3df74987c36fe26157ee12e09e8f9db4de771e0f3404263117e75b95/typing_extensions-4.7.1-py3-none-any.whl", hash = "sha256:440d5dd3af93b060174bf433bccd69b0babc3b15b1a8dca43789fd7f61514b36", size = 33232 },
]

[[package]]
name = "zipp"
version = "3.15.0"
source = { registry = "https://pypi.org/simple" }
sdist = { url = "https://files.pythonhosted.org/packages/00/27/f0ac6b846684cecce1ee93d32450c45ab607f65c2e0255f0092032d91f07/zipp-3.15.0.tar.gz", hash = "sha256:112929ad649da941c23de50f356a2b5570c954b65150642bccdd66bf194d224b", size = 18454 }
wheels = [
    { url = "https://files.pythonhosted.org/packages/5b/fa/c9e82bbe1af6266adf08afb563905eb87cab83fde00a0a08963510621047/zipp-3.15.0-py3-none-any.whl", hash = "sha256:48904fc76a60e542af151aded95726c1a5c34ed43ab4134b597665c86d7ad556", size = 6758 },
]
